
Microsoft Visual Studio Solution File, Format Version 12.00
# Visual Studio Version 16
VisualStudioVersion = 16.0.29411.108
MinimumVisualStudioVersion = 10.0.40219.1
Project("{FAE04EC0-301F-11D3-BF4B-00C04F79EFBC}") = "DatingApp", "DatingApp\DatingApp.csproj", "{4BAB2752-7132-4C55-8B5F-51099EC70DE0}"
EndProject
Project("{FAE04EC0-301F-11D3-BF4B-00C04F79EFBC}") = "BookWorm", "BookWorm\BookWorm.csproj", "{3E18A804-93CF-4A53-BE68-E76A7893C81B}"
EndProject
Project("{FAE04EC0-301F-11D3-BF4B-00C04F79EFBC}") = "Rabbits", "Rabbits\Rabbits.csproj", "{BFB4A445-BB0F-4309-9564-E268B59B2C6B}"
EndProject
Global
	GlobalSection(SolutionConfigurationPlatforms) = preSolution
		Debug|Any CPU = Debug|Any CPU
		Release|Any CPU = Release|Any CPU
	EndGlobalSection
	GlobalSection(ProjectConfigurationPlatforms) = postSolution
		{4BAB2752-7132-4C55-8B5F-51099EC70DE0}.Debug|Any CPU.ActiveCfg = Debug|Any CPU
		{4BAB2752-7132-4C55-8B5F-51099EC70DE0}.Debug|Any CPU.Build.0 = Debug|Any CPU
		{4BAB2752-7132-4C55-8B5F-51099EC70DE0}.Release|Any CPU.ActiveCfg = Release|Any CPU
		{4BAB2752-7132-4C55-8B5F-51099EC70DE0}.Release|Any CPU.Build.0 = Release|Any CPU
		{3E18A804-93CF-4A53-BE68-E76A7893C81B}.Debug|Any CPU.ActiveCfg = Debug|Any CPU
		{3E18A804-93CF-4A53-BE68-E76A7893C81B}.Debug|Any CPU.Build.0 = Debug|Any CPU
		{3E18A804-93CF-4A53-BE68-E76A7893C81B}.Release|Any CPU.ActiveCfg = Release|Any CPU
		{3E18A804-93CF-4A53-BE68-E76A7893C81B}.Release|Any CPU.Build.0 = Release|Any CPU
		{BFB4A445-BB0F-4309-9564-E268B59B2C6B}.Debug|Any CPU.ActiveCfg = Debug|Any CPU
		{BFB4A445-BB0F-4309-9564-E268B59B2C6B}.Debug|Any CPU.Build.0 = Debug|Any CPU
		{BFB4A445-BB0F-4309-9564-E268B59B2C6B}.Release|Any CPU.ActiveCfg = Release|Any CPU
		{BFB4A445-BB0F-4309-9564-E268B59B2C6B}.Release|Any CPU.Build.0 = Release|Any CPU
	EndGlobalSection
	GlobalSection(SolutionProperties) = preSolution
		HideSolutionNode = FALSE
	EndGlobalSection
	GlobalSection(ExtensibilityGlobals) = postSolution
		SolutionGuid = {016F049A-C3A0-4E94-A157-53EBDEBC53DF}
	EndGlobalSection
EndGlobal
